<?xml version="1.0" encoding="utf-8"?>
<Project ToolsVersion="4.0" xmlns="http://schemas.microsoft.com/developer/msbuild/2003">
  <ItemGroup>
    <Filter Include="소스 파일">
      <UniqueIdentifier>{4FC737F1-C7A5-4376-A066-2A32D752A2FF}</UniqueIdentifier>
      <Extensions>cpp;c;cc;cxx;def;odl;idl;hpj;bat;asm;asmx</Extensions>
    </Filter>
    <Filter Include="헤더 파일">
      <UniqueIdentifier>{93995380-89BD-4b04-88EB-625FBE52EBFB}</UniqueIdentifier>
      <Extensions>h;hh;hpp;hxx;hm;inl;inc;xsd</Extensions>
    </Filter>
    <Filter Include="리소스 파일">
      <UniqueIdentifier>{67DA6AB6-F800-4c08-8B7A-83BB121AAD01}</UniqueIdentifier>
      <Extensions>rc;ico;cur;bmp;dlg;rc2;rct;bin;rgs;gif;jpg;jpeg;jpe;resx;tiff;tif;png;wav;mfcribbon-ms</Extensions>
    </Filter>
  </ItemGroup>
  <ItemGroup>
    <Text Include="ReadMe.txt" />
  </ItemGroup>
  <ItemGroup>
    <ClCompile Include="3c905b.c">
      <Filter>소스 파일</Filter>
    </ClCompile>
    <ClCompile Include="bellona2.c">
      <Filter>소스 파일</Filter>
    </ClCompile>
    <ClCompile Include="cdrom.c">
      <Filter>소스 파일</Filter>
    </ClCompile>
    <ClCompile Include="chardev.c">
      <Filter>소스 파일</Filter>
    </ClCompile>
    <ClCompile Include="codetbl.c">
      <Filter>소스 파일</Filter>
    </ClCompile>
    <ClCompile Include="cs.c">
      <Filter>소스 파일</Filter>
    </ClCompile>
    <ClCompile Include="cursor.c">
      <Filter>소스 파일</Filter>
    </ClCompile>
    <ClCompile Include="dbgreg.c">
      <Filter>소스 파일</Filter>
    </ClCompile>
    <ClCompile Include="event.c">
      <Filter>소스 파일</Filter>
    </ClCompile>
    <ClCompile Include="export.c">
      <Filter>소스 파일</Filter>
    </ClCompile>
    <ClCompile Include="fdd.c">
      <Filter>소스 파일</Filter>
    </ClCompile>
    <ClCompile Include="ffmt.c">
      <Filter>소스 파일</Filter>
    </ClCompile>
    <ClCompile Include="fork.c">
      <Filter>소스 파일</Filter>
    </ClCompile>
    <ClCompile Include="gdt.c">
      <Filter>소스 파일</Filter>
    </ClCompile>
    <ClCompile Include="hdd.c">
      <Filter>소스 파일</Filter>
    </ClCompile>
    <ClCompile Include="init.c">
      <Filter>소스 파일</Filter>
    </ClCompile>
    <ClCompile Include="int.c">
      <Filter>소스 파일</Filter>
    </ClCompile>
    <ClCompile Include="kbd.c">
      <Filter>소스 파일</Filter>
    </ClCompile>
    <ClCompile Include="kbddrv.c">
      <Filter>소스 파일</Filter>
    </ClCompile>
    <ClCompile Include="kdebug.c">
      <Filter>소스 파일</Filter>
    </ClCompile>
    <ClCompile Include="kgrxcall.c">
      <Filter>소스 파일</Filter>
    </ClCompile>
    <ClCompile Include="kmesg.c">
      <Filter>소스 파일</Filter>
    </ClCompile>
    <ClCompile Include="kprocess.c">
      <Filter>소스 파일</Filter>
    </ClCompile>
    <ClCompile Include="kshell.c">
      <Filter>소스 파일</Filter>
    </ClCompile>
    <ClCompile Include="kshlcmd.c">
      <Filter>소스 파일</Filter>
    </ClCompile>
    <ClCompile Include="ksignal.c">
      <Filter>소스 파일</Filter>
    </ClCompile>
    <ClCompile Include="ksyscall.c">
      <Filter>소스 파일</Filter>
    </ClCompile>
    <ClCompile Include="ldr.c">
      <Filter>소스 파일</Filter>
    </ClCompile>
    <ClCompile Include="lucifer.c">
      <Filter>소스 파일</Filter>
    </ClCompile>
    <ClCompile Include="malloc.c">
      <Filter>소스 파일</Filter>
    </ClCompile>
    <ClCompile Include="memory.c">
      <Filter>소스 파일</Filter>
    </ClCompile>
    <ClCompile Include="module.c">
      <Filter>소스 파일</Filter>
    </ClCompile>
    <ClCompile Include="mouse.c">
      <Filter>소스 파일</Filter>
    </ClCompile>
    <ClCompile Include="myasm.c">
      <Filter>소스 파일</Filter>
    </ClCompile>
    <ClCompile Include="mydbg.c">
      <Filter>소스 파일</Filter>
    </ClCompile>
    <ClCompile Include="mydbg2.c">
      <Filter>소스 파일</Filter>
    </ClCompile>
    <ClCompile Include="nic.c">
      <Filter>소스 파일</Filter>
    </ClCompile>
    <ClCompile Include="paging.c">
      <Filter>소스 파일</Filter>
    </ClCompile>
    <ClCompile Include="pci.c">
      <Filter>소스 파일</Filter>
    </ClCompile>
    <ClCompile Include="rsh_serv.c">
      <Filter>소스 파일</Filter>
    </ClCompile>
    <ClCompile Include="schedule.c">
      <Filter>소스 파일</Filter>
    </ClCompile>
    <ClCompile Include="semaph.c">
      <Filter>소스 파일</Filter>
    </ClCompile>
    <ClCompile Include="serial.c">
      <Filter>소스 파일</Filter>
    </ClCompile>
    <ClCompile Include="stk.c">
      <Filter>소스 파일</Filter>
    </ClCompile>
    <ClCompile Include="symtbl.c">
      <Filter>소스 파일</Filter>
    </ClCompile>
    <ClCompile Include="tss.c">
      <Filter>소스 파일</Filter>
    </ClCompile>
    <ClCompile Include="tty.c">
      <Filter>소스 파일</Filter>
    </ClCompile>
    <ClCompile Include="util.c">
      <Filter>소스 파일</Filter>
    </ClCompile>
    <ClCompile Include="v86.c">
      <Filter>소스 파일</Filter>
    </ClCompile>
    <ClCompile Include="vconsole.c">
      <Filter>소스 파일</Filter>
    </ClCompile>
    <ClCompile Include="vesa.c">
      <Filter>소스 파일</Filter>
    </ClCompile>
  </ItemGroup>
  <ItemGroup>
    <ClInclude Include="3c905b.h">
      <Filter>소스 파일</Filter>
    </ClInclude>
    <ClInclude Include="3cdef.h">
      <Filter>소스 파일</Filter>
    </ClInclude>
    <ClInclude Include="asm.h">
      <Filter>소스 파일</Filter>
    </ClInclude>
    <ClInclude Include="bellona2.h">
      <Filter>소스 파일</Filter>
    </ClInclude>
    <ClInclude Include="cdrom.h">
      <Filter>소스 파일</Filter>
    </ClInclude>
    <ClInclude Include="chardev.h">
      <Filter>소스 파일</Filter>
    </ClInclude>
    <ClInclude Include="codetbl.h">
      <Filter>소스 파일</Filter>
    </ClInclude>
    <ClInclude Include="const.h">
      <Filter>소스 파일</Filter>
    </ClInclude>
    <ClInclude Include="cs.h">
      <Filter>소스 파일</Filter>
    </ClInclude>
    <ClInclude Include="cursor.h">
      <Filter>소스 파일</Filter>
    </ClInclude>
    <ClInclude Include="dbgreg.h">
      <Filter>소스 파일</Filter>
    </ClInclude>
    <ClInclude Include="eflag.h">
      <Filter>소스 파일</Filter>
    </ClInclude>
    <ClInclude Include="event.h">
      <Filter>소스 파일</Filter>
    </ClInclude>
    <ClInclude Include="export.h">
      <Filter>소스 파일</Filter>
    </ClInclude>
    <ClInclude Include="fdd.h">
      <Filter>소스 파일</Filter>
    </ClInclude>
    <ClInclude Include="ffmt.h">
      <Filter>소스 파일</Filter>
    </ClInclude>
    <ClInclude Include="fork.h">
      <Filter>소스 파일</Filter>
    </ClInclude>
    <ClInclude Include="gdt.h">
      <Filter>소스 파일</Filter>
    </ClInclude>
    <ClInclude Include="hdd.h">
      <Filter>소스 파일</Filter>
    </ClInclude>
    <ClInclude Include="init.h">
      <Filter>소스 파일</Filter>
    </ClInclude>
    <ClInclude Include="int.h">
      <Filter>소스 파일</Filter>
    </ClInclude>
    <ClInclude Include="kbd.h">
      <Filter>소스 파일</Filter>
    </ClInclude>
    <ClInclude Include="kbddrv.h">
      <Filter>소스 파일</Filter>
    </ClInclude>
    <ClInclude Include="kdebug.h">
      <Filter>소스 파일</Filter>
    </ClInclude>
    <ClInclude Include="kmesg.h">
      <Filter>소스 파일</Filter>
    </ClInclude>
    <ClInclude Include="kprocess.h">
      <Filter>소스 파일</Filter>
    </ClInclude>
    <ClInclude Include="kshell.h">
      <Filter>소스 파일</Filter>
    </ClInclude>
    <ClInclude Include="kshlcmd.h">
      <Filter>소스 파일</Filter>
    </ClInclude>
    <ClInclude Include="ksignal.h">
      <Filter>소스 파일</Filter>
    </ClInclude>
    <ClInclude Include="ksyscall.h">
      <Filter>소스 파일</Filter>
    </ClInclude>
    <ClInclude Include="ldr.h">
      <Filter>소스 파일</Filter>
    </ClInclude>
    <ClInclude Include="lucifer.h">
      <Filter>소스 파일</Filter>
    </ClInclude>
    <ClInclude Include="major.h">
      <Filter>소스 파일</Filter>
    </ClInclude>
    <ClInclude Include="malloc.h">
      <Filter>소스 파일</Filter>
    </ClInclude>
    <ClInclude Include="memory.h">
      <Filter>소스 파일</Filter>
    </ClInclude>
    <ClInclude Include="module.h">
      <Filter>소스 파일</Filter>
    </ClInclude>
    <ClInclude Include="mouse.h">
      <Filter>소스 파일</Filter>
    </ClInclude>
    <ClInclude Include="myasm.h">
      <Filter>소스 파일</Filter>
    </ClInclude>
    <ClInclude Include="mydbg.h">
      <Filter>소스 파일</Filter>
    </ClInclude>
    <ClInclude Include="mydbg2.h">
      <Filter>소스 파일</Filter>
    </ClInclude>
    <ClInclude Include="nic.h">
      <Filter>소스 파일</Filter>
    </ClInclude>
    <ClInclude Include="paging.h">
      <Filter>소스 파일</Filter>
    </ClInclude>
    <ClInclude Include="pci.h">
      <Filter>소스 파일</Filter>
    </ClInclude>
    <ClInclude Include="pefile.h">
      <Filter>소스 파일</Filter>
    </ClInclude>
    <ClInclude Include="rsh_serv.h">
      <Filter>소스 파일</Filter>
    </ClInclude>
    <ClInclude Include="schedule.h">
      <Filter>소스 파일</Filter>
    </ClInclude>
    <ClInclude Include="semaph.h">
      <Filter>소스 파일</Filter>
    </ClInclude>
    <ClInclude Include="serial.h">
      <Filter>소스 파일</Filter>
    </ClInclude>
    <ClInclude Include="shmem.h">
      <Filter>소스 파일</Filter>
    </ClInclude>
    <ClInclude Include="stk.h">
      <Filter>소스 파일</Filter>
    </ClInclude>
    <ClInclude Include="tss.h">
      <Filter>소스 파일</Filter>
    </ClInclude>
    <ClInclude Include="tty.h">
      <Filter>소스 파일</Filter>
    </ClInclude>
    <ClInclude Include="util.h">
      <Filter>소스 파일</Filter>
    </ClInclude>
    <ClInclude Include="v86.h">
      <Filter>소스 파일</Filter>
    </ClInclude>
    <ClInclude Include="vconsole.h">
      <Filter>소스 파일</Filter>
    </ClInclude>
    <ClInclude Include="vesa.h">
      <Filter>소스 파일</Filter>
    </ClInclude>
  </ItemGroup>
  <ItemGroup>
    <MASM Include="asm.asm">
      <Filter>소스 파일</Filter>
    </MASM>
    <MASM Include="bcmos\bcmos.asm">
      <Filter>소스 파일</Filter>
    </MASM>
  </ItemGroup>
  <ItemGroup>
    <CustomBuild Include="loadgdt.asm">
      <Filter>소스 파일</Filter>
    </CustomBuild>
  </ItemGroup>
</Project>