<?xml version="1.0" encoding="utf-8"?>
<Project ToolsVersion="4.0" xmlns="http://schemas.microsoft.com/developer/msbuild/2003">
  <ItemGroup>
    <Filter Include="asm">
      <UniqueIdentifier>{a0c0ab14-0ea7-4515-8b6a-1089bb6c4c40}</UniqueIdentifier>
    </Filter>
    <Filter Include="kernel">
      <UniqueIdentifier>{7ae90e94-fccc-45ea-a4ec-68acadf3413a}</UniqueIdentifier>
    </Filter>
  </ItemGroup>
  <ItemGroup>
    <Text Include="ReadMe.txt" />
  </ItemGroup>
  <ItemGroup>
    <ClCompile Include="Kernel\Beep.c">
      <Filter>kernel</Filter>
    </ClCompile>
    <ClCompile Include="Kernel\CKernel.cpp">
      <Filter>kernel</Filter>
    </ClCompile>
    <ClCompile Include="Kernel\CTimer.c">
      <Filter>kernel</Filter>
    </ClCompile>
    <ClCompile Include="Kernel\DeviceDriver.cpp">
      <Filter>kernel</Filter>
    </ClCompile>
    <ClCompile Include="Kernel\FAT.cpp">
      <Filter>kernel</Filter>
    </ClCompile>
    <ClCompile Include="Kernel\GSH.cpp">
      <Filter>kernel</Filter>
    </ClCompile>
    <ClCompile Include="Kernel\Harddisk.cpp">
      <Filter>kernel</Filter>
    </ClCompile>
    <ClCompile Include="Kernel\Heap.c">
      <Filter>kernel</Filter>
    </ClCompile>
    <ClCompile Include="Kernel\HMess.c">
      <Filter>kernel</Filter>
    </ClCompile>
    <ClCompile Include="Kernel\Partition.cpp">
      <Filter>kernel</Filter>
    </ClCompile>
    <ClCompile Include="Kernel\PCI.cpp">
      <Filter>kernel</Filter>
    </ClCompile>
    <ClCompile Include="Kernel\Printf.c">
      <Filter>kernel</Filter>
    </ClCompile>
    <ClCompile Include="Kernel\RTC.c">
      <Filter>kernel</Filter>
    </ClCompile>
    <ClCompile Include="Kernel\VGACursor.c">
      <Filter>kernel</Filter>
    </ClCompile>
    <ClCompile Include="Kernel\NumConvert.c">
      <Filter>kernel</Filter>
    </ClCompile>
    <ClCompile Include="Kernel\CKeyboard.c">
      <Filter>kernel</Filter>
    </ClCompile>
    <ClCompile Include="Kernel\String.cpp">
      <Filter>kernel</Filter>
    </ClCompile>
    <ClCompile Include="Kernel\cstd.cpp">
      <Filter>kernel</Filter>
    </ClCompile>
    <ClCompile Include="Kernel\TaskMan.cpp">
      <Filter>kernel</Filter>
    </ClCompile>
  </ItemGroup>
  <ItemGroup>
    <None Include="MemMan.inc">
      <Filter>asm</Filter>
    </None>
    <None Include="HMess.inc">
      <Filter>asm</Filter>
    </None>
    <None Include="Heap.inc">
      <Filter>asm</Filter>
    </None>
    <None Include="Common.Inc">
      <Filter>asm</Filter>
    </None>
    <None Include="Processor.inc">
      <Filter>asm</Filter>
    </None>
    <None Include="VGACursor.inc">
      <Filter>asm</Filter>
    </None>
    <None Include="VGAText.inc">
      <Filter>asm</Filter>
    </None>
    <None Include="Kernel\Processor.asm">
      <Filter>asm</Filter>
    </None>
    <None Include="Kernel\Common.Inc">
      <Filter>asm</Filter>
    </None>
    <None Include="Kernel\PIC.asm">
      <Filter>asm</Filter>
    </None>
  </ItemGroup>
  <ItemGroup>
    <CustomBuild Include="Keyboard.asm">
      <Filter>asm</Filter>
    </CustomBuild>
    <CustomBuild Include="MemMan.asm">
      <Filter>asm</Filter>
    </CustomBuild>
    <CustomBuild Include="MemMove.asm">
      <Filter>asm</Filter>
    </CustomBuild>
    <CustomBuild Include="PIC.asm">
      <Filter>asm</Filter>
    </CustomBuild>
    <CustomBuild Include="Processor.asm">
      <Filter>asm</Filter>
    </CustomBuild>
    <CustomBuild Include="Timer.asm">
      <Filter>asm</Filter>
    </CustomBuild>
    <CustomBuild Include="TMan.asm">
      <Filter>asm</Filter>
    </CustomBuild>
    <CustomBuild Include="VGAText.ASM">
      <Filter>asm</Filter>
    </CustomBuild>
  </ItemGroup>
  <ItemGroup>
    <MASM Include="allmul.asm">
      <Filter>asm</Filter>
    </MASM>
    <MASM Include="ulldiv.asm">
      <Filter>asm</Filter>
    </MASM>
    <MASM Include="ullrem.asm">
      <Filter>asm</Filter>
    </MASM>
  </ItemGroup>
</Project>