
Microsoft Visual Studio Solution File, Format Version 12.00
# Visual Studio 15
VisualStudioVersion = 15.0.26730.12
MinimumVisualStudioVersion = 10.0.40219.1
Project("{8BC9CEB8-8B4A-11D0-8D11-00A0C91BC942}") = "AceOS", "AceOS\AceOS.vcxproj", "{98680484-258E-44B6-86E3-D9A74A3090BC}"
EndProject
Global
	GlobalSection(SolutionConfigurationPlatforms) = preSolution
		Debug|x64 = Debug|x64
		Debug|x86 = Debug|x86
		Release|x64 = Release|x64
		Release|x86 = Release|x86
	EndGlobalSection
	GlobalSection(ProjectConfigurationPlatforms) = postSolution
		{98680484-258E-44B6-86E3-D9A74A3090BC}.Debug|x64.ActiveCfg = Debug|x64
		{98680484-258E-44B6-86E3-D9A74A3090BC}.Debug|x64.Build.0 = Debug|x64
		{98680484-258E-44B6-86E3-D9A74A3090BC}.Debug|x86.ActiveCfg = Debug|Win32
		{98680484-258E-44B6-86E3-D9A74A3090BC}.Debug|x86.Build.0 = Debug|Win32
		{98680484-258E-44B6-86E3-D9A74A3090BC}.Release|x64.ActiveCfg = Release|x64
		{98680484-258E-44B6-86E3-D9A74A3090BC}.Release|x64.Build.0 = Release|x64
		{98680484-258E-44B6-86E3-D9A74A3090BC}.Release|x86.ActiveCfg = Release|Win32
		{98680484-258E-44B6-86E3-D9A74A3090BC}.Release|x86.Build.0 = Release|Win32
	EndGlobalSection
	GlobalSection(SolutionProperties) = preSolution
		HideSolutionNode = FALSE
	EndGlobalSection
	GlobalSection(ExtensibilityGlobals) = postSolution
		SolutionGuid = {DC9C4B35-025E-4F55-80A5-7125E4108965}
	EndGlobalSection
EndGlobal
